// !$*UTF8*$!
{
	archiveVersion = 1;
	classes = {
	};
	objectVersion = 46;
	objects = {

/* Begin PBXBuildFile section */
		046851EE19AF2362004FE47E /* Foundation.framework in Frameworks */ = {isa = PBXBuildFile; fileRef = 046851ED19AF2362004FE47E /* Foundation.framework */; };
		046851F019AF2362004FE47E /* CoreGraphics.framework in Frameworks */ = {isa = PBXBuildFile; fileRef = 046851EF19AF2362004FE47E /* CoreGraphics.framework */; };
		046851F219AF2362004FE47E /* UIKit.framework in Frameworks */ = {isa = PBXBuildFile; fileRef = 046851F119AF2362004FE47E /* UIKit.framework */; };
		046851F819AF2362004FE47E /* InfoPlist.strings in Resources */ = {isa = PBXBuildFile; fileRef = 046851F619AF2362004FE47E /* InfoPlist.strings */; };
		046851FA19AF2362004FE47E /* main.m in Sources */ = {isa = PBXBuildFile; fileRef = 046851F919AF2362004FE47E /* main.m */; };
		046851FE19AF2362004FE47E /* AppDelegate.m in Sources */ = {isa = PBXBuildFile; fileRef = 046851FD19AF2362004FE47E /* AppDelegate.m */; };
		0468520119AF2362004FE47E /* Main.storyboard in Resources */ = {isa = PBXBuildFile; fileRef = 046851FF19AF2362004FE47E /* Main.storyboard */; };
		0468520619AF2362004FE47E /* Images.xcassets in Resources */ = {isa = PBXBuildFile; fileRef = 0468520519AF2362004FE47E /* Images.xcassets */; };
		0468520D19AF2362004FE47E /* XCTest.framework in Frameworks */ = {isa = PBXBuildFile; fileRef = 0468520C19AF2362004FE47E /* XCTest.framework */; };
		0468520E19AF2362004FE47E /* Foundation.framework in Frameworks */ = {isa = PBXBuildFile; fileRef = 046851ED19AF2362004FE47E /* Foundation.framework */; };
		0468520F19AF2362004FE47E /* UIKit.framework in Frameworks */ = {isa = PBXBuildFile; fileRef = 046851F119AF2362004FE47E /* UIKit.framework */; };
		0468521719AF2362004FE47E /* InfoPlist.strings in Resources */ = {isa = PBXBuildFile; fileRef = 0468521519AF2362004FE47E /* InfoPlist.strings */; };
		0468521919AF2362004FE47E /* TableTurnLikePagesTests.m in Sources */ = {isa = PBXBuildFile; fileRef = 0468521819AF2362004FE47E /* TableTurnLikePagesTests.m */; };
		0468522919AF238E004FE47E /* BookControllerViewController.m in Sources */ = {isa = PBXBuildFile; fileRef = 0468522519AF238E004FE47E /* BookControllerViewController.m */; };
		0468522A19AF238E004FE47E /* DDTableViewController.m in Sources */ = {isa = PBXBuildFile; fileRef = 0468522719AF238E004FE47E /* DDTableViewController.m */; };
		0468522D19AF2408004FE47E /* TablePageViewController.m in Sources */ = {isa = PBXBuildFile; fileRef = 0468522C19AF2408004FE47E /* TablePageViewController.m */; };
		0468523219AF253B004FE47E /* icon_QPerson3.png in Resources */ = {isa = PBXBuildFile; fileRef = 0468522E19AF253B004FE47E /* icon_QPerson3.png */; };
		0468523319AF253B004FE47E /* icon_QPerson0.png in Resources */ = {isa = PBXBuildFile; fileRef = 0468522F19AF253B004FE47E /* icon_QPerson0.png */; };
		0468523419AF253B004FE47E /* icon_QPerson1.png in Resources */ = {isa = PBXBuildFile; fileRef = 0468523019AF253B004FE47E /* icon_QPerson1.png */; };
		0468523519AF253B004FE47E /* icon_QPerson2.png in Resources */ = {isa = PBXBuildFile; fileRef = 0468523119AF253B004FE47E /* icon_QPerson2.png */; };
/* End PBXBuildFile section */

/* Begin PBXContainerItemProxy section */
		0468521019AF2362004FE47E /* PBXContainerItemProxy */ = {
			isa = PBXContainerItemProxy;
			containerPortal = 046851E219AF2362004FE47E /* Project object */;
			proxyType = 1;
			remoteGlobalIDString = 046851E919AF2362004FE47E;
			remoteInfo = TableTurnLikePages;
		};
/* End PBXContainerItemProxy section */

/* Begin PBXFileReference section */
		046851EA19AF2362004FE47E /* TableTurnLikePages.app */ = {isa = PBXFileReference; explicitFileType = wrapper.application; includeInIndex = 0; path = TableTurnLikePages.app; sourceTree = BUILT_PRODUCTS_DIR; };
		046851ED19AF2362004FE47E /* Foundation.framework */ = {isa = PBXFileReference; lastKnownFileType = wrapper.framework; name = Foundation.framework; path = System/Library/Frameworks/Foundation.framework; sourceTree = SDKROOT; };
		046851EF19AF2362004FE47E /* CoreGraphics.framework */ = {isa = PBXFileReference; lastKnownFileType = wrapper.framework; name = CoreGraphics.framework; path = System/Library/Frameworks/CoreGraphics.framework; sourceTree = SDKROOT; };
		046851F119AF2362004FE47E /* UIKit.framework */ = {isa = PBXFileReference; lastKnownFileType = wrapper.framework; name = UIKit.framework; path = System/Library/Frameworks/UIKit.framework; sourceTree = SDKROOT; };
		046851F519AF2362004FE47E /* TableTurnLikePages-Info.plist */ = {isa = PBXFileReference; lastKnownFileType = text.plist.xml; path = "TableTurnLikePages-Info.plist"; sourceTree = "<group>"; };
		046851F719AF2362004FE47E /* en */ = {isa = PBXFileReference; lastKnownFileType = text.plist.strings; name = en; path = en.lproj/InfoPlist.strings; sourceTree = "<group>"; };
		046851F919AF2362004FE47E /* main.m */ = {isa = PBXFileReference; lastKnownFileType = sourcecode.c.objc; path = main.m; sourceTree = "<group>"; };
		046851FB19AF2362004FE47E /* TableTurnLikePages-Prefix.pch */ = {isa = PBXFileReference; lastKnownFileType = sourcecode.c.h; path = "TableTurnLikePages-Prefix.pch"; sourceTree = "<group>"; };
		046851FC19AF2362004FE47E /* AppDelegate.h */ = {isa = PBXFileReference; lastKnownFileType = sourcecode.c.h; path = AppDelegate.h; sourceTree = "<group>"; };
		046851FD19AF2362004FE47E /* AppDelegate.m */ = {isa = PBXFileReference; lastKnownFileType = sourcecode.c.objc; path = AppDelegate.m; sourceTree = "<group>"; };
		0468520019AF2362004FE47E /* Base */ = {isa = PBXFileReference; lastKnownFileType = file.storyboard; name = Base; path = Base.lproj/Main.storyboard; sourceTree = "<group>"; };
		0468520519AF2362004FE47E /* Images.xcassets */ = {isa = PBXFileReference; lastKnownFileType = folder.assetcatalog; path = Images.xcassets; sourceTree = "<group>"; };
		0468520B19AF2362004FE47E /* TableTurnLikePagesTests.xctest */ = {isa = PBXFileReference; explicitFileType = wrapper.cfbundle; includeInIndex = 0; path = TableTurnLikePagesTests.xctest; sourceTree = BUILT_PRODUCTS_DIR; };
		0468520C19AF2362004FE47E /* XCTest.framework */ = {isa = PBXFileReference; lastKnownFileType = wrapper.framework; name = XCTest.framework; path = Library/Frameworks/XCTest.framework; sourceTree = DEVELOPER_DIR; };
		0468521419AF2362004FE47E /* TableTurnLikePagesTests-Info.plist */ = {isa = PBXFileReference; lastKnownFileType = text.plist.xml; path = "TableTurnLikePagesTests-Info.plist"; sourceTree = "<group>"; };
		0468521619AF2362004FE47E /* en */ = {isa = PBXFileReference; lastKnownFileType = text.plist.strings; name = en; path = en.lproj/InfoPlist.strings; sourceTree = "<group>"; };
		0468521819AF2362004FE47E /* TableTurnLikePagesTests.m */ = {isa = PBXFileReference; lastKnownFileType = sourcecode.c.objc; path = TableTurnLikePagesTests.m; sourceTree = "<group>"; };
		0468522419AF238E004FE47E /* BookControllerViewController.h */ = {isa = PBXFileReference; fileEncoding = 4; lastKnownFileType = sourcecode.c.h; path = BookControllerViewController.h; sourceTree = "<group>"; };
		0468522519AF238E004FE47E /* BookControllerViewController.m */ = {isa = PBXFileReference; fileEncoding = 4; lastKnownFileType = sourcecode.c.objc; path = BookControllerViewController.m; sourceTree = "<group>"; };
		0468522619AF238E004FE47E /* DDTableViewController.h */ = {isa = PBXFileReference; fileEncoding = 4; lastKnownFileType = sourcecode.c.h; path = DDTableViewController.h; sourceTree = "<group>"; };
		0468522719AF238E004FE47E /* DDTableViewController.m */ = {isa = PBXFileReference; fileEncoding = 4; lastKnownFileType = sourcecode.c.objc; path = DDTableViewController.m; sourceTree = "<group>"; };
		0468522B19AF2408004FE47E /* TablePageViewController.h */ = {isa = PBXFileReference; fileEncoding = 4; lastKnownFileType = sourcecode.c.h; path = TablePageViewController.h; sourceTree = "<group>"; };
		0468522C19AF2408004FE47E /* TablePageViewController.m */ = {isa = PBXFileReference; fileEncoding = 4; lastKnownFileType = sourcecode.c.objc; path = TablePageViewController.m; sourceTree = "<group>"; };
		0468522E19AF253B004FE47E /* icon_QPerson3.png */ = {isa = PBXFileReference; lastKnownFileType = image.png; path = icon_QPerson3.png; sourceTree = "<group>"; };
		0468522F19AF253B004FE47E /* icon_QPerson0.png */ = {isa = PBXFileReference; lastKnownFileType = image.png; path = icon_QPerson0.png; sourceTree = "<group>"; };
		0468523019AF253B004FE47E /* icon_QPerson1.png */ = {isa = PBXFileReference; lastKnownFileType = image.png; path = icon_QPerson1.png; sourceTree = "<group>"; };
		0468523119AF253B004FE47E /* icon_QPerson2.png */ = {isa = PBXFileReference; lastKnownFileType = image.png; path = icon_QPerson2.png; sourceTree = "<group>"; };
/* End PBXFileReference section */

/* Begin PBXFrameworksBuildPhase section */
		046851E719AF2362004FE47E /* Frameworks */ = {
			isa = PBXFrameworksBuildPhase;
			buildActionMask = 2147483647;
			files = (
				046851F019AF2362004FE47E /* CoreGraphics.framework in Frameworks */,
				046851F219AF2362004FE47E /* UIKit.framework in Frameworks */,
				046851EE19AF2362004FE47E /* Foundation.framework in Frameworks */,
			);
			runOnlyForDeploymentPostprocessing = 0;
		};
		0468520819AF2362004FE47E /* Frameworks */ = {
			isa = PBXFrameworksBuildPhase;
			buildActionMask = 2147483647;
			files = (
				0468520D19AF2362004FE47E /* XCTest.framework in Frameworks */,
				0468520F19AF2362004FE47E /* UIKit.framework in Frameworks */,
				0468520E19AF2362004FE47E /* Foundation.framework in Frameworks */,
			);
			runOnlyForDeploymentPostprocessing = 0;
		};
/* End PBXFrameworksBuildPhase section */

/* Begin PBXGroup section */
		046851E119AF2362004FE47E = {
			isa = PBXGroup;
			children = (
				046851F319AF2362004FE47E /* TableTurnLikePages */,
				0468521219AF2362004FE47E /* TableTurnLikePagesTests */,
				046851EC19AF2362004FE47E /* Frameworks */,
				046851EB19AF2362004FE47E /* Products */,
			);
			sourceTree = "<group>";
		};
		046851EB19AF2362004FE47E /* Products */ = {
			isa = PBXGroup;
			children = (
				046851EA19AF2362004FE47E /* TableTurnLikePages.app */,
				0468520B19AF2362004FE47E /* TableTurnLikePagesTests.xctest */,
			);
			name = Products;
			sourceTree = "<group>";
		};
		046851EC19AF2362004FE47E /* Frameworks */ = {
			isa = PBXGroup;
			children = (
				046851ED19AF2362004FE47E /* Foundation.framework */,
				046851EF19AF2362004FE47E /* CoreGraphics.framework */,
				046851F119AF2362004FE47E /* UIKit.framework */,
				0468520C19AF2362004FE47E /* XCTest.framework */,
			);
			name = Frameworks;
			sourceTree = "<group>";
		};
		046851F319AF2362004FE47E /* TableTurnLikePages */ = {
			isa = PBXGroup;
			children = (
				0468522E19AF253B004FE47E /* icon_QPerson3.png */,
				0468522F19AF253B004FE47E /* icon_QPerson0.png */,
				0468523019AF253B004FE47E /* icon_QPerson1.png */,
				0468523119AF253B004FE47E /* icon_QPerson2.png */,
				046851FC19AF2362004FE47E /* AppDelegate.h */,
				046851FD19AF2362004FE47E /* AppDelegate.m */,
				046851FF19AF2362004FE47E /* Main.storyboard */,
				0468522B19AF2408004FE47E /* TablePageViewController.h */,
				0468522C19AF2408004FE47E /* TablePageViewController.m */,
				0468522419AF238E004FE47E /* BookControllerViewController.h */,
				0468522519AF238E004FE47E /* BookControllerViewController.m */,
				0468522619AF238E004FE47E /* DDTableViewController.h */,
				0468522719AF238E004FE47E /* DDTableViewController.m */,
				0468520519AF2362004FE47E /* Images.xcassets */,
				046851F419AF2362004FE47E /* Supporting Files */,
			);
			path = TableTurnLikePages;
			sourceTree = "<group>";
		};
		046851F419AF2362004FE47E /* Supporting Files */ = {
			isa = PBXGroup;
			children = (
				046851F519AF2362004FE47E /* TableTurnLikePages-Info.plist */,
				046851F619AF2362004FE47E /* InfoPlist.strings */,
				046851F919AF2362004FE47E /* main.m */,
				046851FB19AF2362004FE47E /* TableTurnLikePages-Prefix.pch */,
			);
			name = "Supporting Files";
			sourceTree = "<group>";
		};
		0468521219AF2362004FE47E /* TableTurnLikePagesTests */ = {
			isa = PBXGroup;
			children = (
				0468521819AF2362004FE47E /* TableTurnLikePagesTests.m */,
				0468521319AF2362004FE47E /* Supporting Files */,
			);
			path = TableTurnLikePagesTests;
			sourceTree = "<group>";
		};
		0468521319AF2362004FE47E /* Supporting Files */ = {
			isa = PBXGroup;
			children = (
				0468521419AF2362004FE47E /* TableTurnLikePagesTests-Info.plist */,
				0468521519AF2362004FE47E /* InfoPlist.strings */,
			);
			name = "Supporting Files";
			sourceTree = "<group>";
		};
/* End PBXGroup section */

/* Begin PBXNativeTarget section */
		046851E919AF2362004FE47E /* TableTurnLikePages */ = {
			isa = PBXNativeTarget;
			buildConfigurationList = 0468521C19AF2362004FE47E /* Build configuration list for PBXNativeTarget "TableTurnLikePages" */;
			buildPhases = (
				046851E619AF2362004FE47E /* Sources */,
				046851E719AF2362004FE47E /* Frameworks */,
				046851E819AF2362004FE47E /* Resources */,
			);
			buildRules = (
			);
			dependencies = (
			);
			name = TableTurnLikePages;
			productName = TableTurnLikePages;
			productReference = 046851EA19AF2362004FE47E /* TableTurnLikePages.app */;
			productType = "com.apple.product-type.application";
		};
		0468520A19AF2362004FE47E /* TableTurnLikePagesTests */ = {
			isa = PBXNativeTarget;
			buildConfigurationList = 0468521F19AF2362004FE47E /* Build configuration list for PBXNativeTarget "TableTurnLikePagesTests" */;
			buildPhases = (
				0468520719AF2362004FE47E /* Sources */,
				0468520819AF2362004FE47E /* Frameworks */,
				0468520919AF2362004FE47E /* Resources */,
			);
			buildRules = (
			);
			dependencies = (
				0468521119AF2362004FE47E /* PBXTargetDependency */,
			);
			name = TableTurnLikePagesTests;
			productName = TableTurnLikePagesTests;
			productReference = 0468520B19AF2362004FE47E /* TableTurnLikePagesTests.xctest */;
			productType = "com.apple.product-type.bundle.unit-test";
		};
/* End PBXNativeTarget section */

/* Begin PBXProject section */
		046851E219AF2362004FE47E /* Project object */ = {
			isa = PBXProject;
			attributes = {
				LastUpgradeCheck = 0510;
				ORGANIZATIONNAME = Ding;
				TargetAttributes = {
					0468520A19AF2362004FE47E = {
						TestTargetID = 046851E919AF2362004FE47E;
					};
				};
			};
			buildConfigurationList = 046851E519AF2362004FE47E /* Build configuration list for PBXProject "TableTurnLikePages" */;
			compatibilityVersion = "Xcode 3.2";
			developmentRegion = English;
			hasScannedForEncodings = 0;
			knownRegions = (
				en,
				Base,
			);
			mainGroup = 046851E119AF2362004FE47E;
			productRefGroup = 046851EB19AF2362004FE47E /* Products */;
			projectDirPath = "";
			projectRoot = "";
			targets = (
				046851E919AF2362004FE47E /* TableTurnLikePages */,
				0468520A19AF2362004FE47E /* TableTurnLikePagesTests */,
			);
		};
/* End PBXProject section */

/* Begin PBXResourcesBuildPhase section */
		046851E819AF2362004FE47E /* Resources */ = {
			isa = PBXResourcesBuildPhase;
			buildActionMask = 2147483647;
			files = (
				0468523519AF253B004FE47E /* icon_QPerson2.png in Resources */,
				0468523219AF253B004FE47E /* icon_QPerson3.png in Resources */,
				0468520619AF2362004FE47E /* Images.xcassets in Resources */,
				046851F819AF2362004FE47E /* InfoPlist.strings in Resources */,
				0468523419AF253B004FE47E /* icon_QPerson1.png in Resources */,
				0468520119AF2362004FE47E /* Main.storyboard in Resources */,
				0468523319AF253B004FE47E /* icon_QPerson0.png in Resources */,
			);
			runOnlyForDeploymentPostprocessing = 0;
		};
		0468520919AF2362004FE47E /* Resources */ = {
			isa = PBXResourcesBuildPhase;
			buildActionMask = 2147483647;
			files = (
				0468521719AF2362004FE47E /* InfoPlist.strings in Resources */,
			);
			runOnlyForDeploymentPostprocessing = 0;
		};
/* End PBXResourcesBuildPhase section */

/* Begin PBXSourcesBuildPhase section */
		046851E619AF2362004FE47E /* Sources */ = {
			isa = PBXSourcesBuildPhase;
			buildActionMask = 2147483647;
			files = (
				0468522D19AF2408004FE47E /* TablePageViewController.m in Sources */,
				046851FE19AF2362004FE47E /* AppDelegate.m in Sources */,
				046851FA19AF2362004FE47E /* main.m in Sources */,
				0468522A19AF238E004FE47E /* DDTableViewController.m in Sources */,
				0468522919AF238E004FE47E /* BookControllerViewController.m in Sources */,
			);
			runOnlyForDeploymentPostprocessing = 0;
		};
		0468520719AF2362004FE47E /* Sources */ = {
			isa = PBXSourcesBuildPhase;
			buildActionMask = 2147483647;
			files = (
				0468521919AF2362004FE47E /* TableTurnLikePagesTests.m in Sources */,
			);
			runOnlyForDeploymentPostprocessing = 0;
		};
/* End PBXSourcesBuildPhase section */

/* Begin PBXTargetDependency section */
		0468521119AF2362004FE47E /* PBXTargetDependency */ = {
			isa = PBXTargetDependency;
			target = 046851E919AF2362004FE47E /* TableTurnLikePages */;
			targetProxy = 0468521019AF2362004FE47E /* PBXContainerItemProxy */;
		};
/* End PBXTargetDependency section */

/* Begin PBXVariantGroup section */
		046851F619AF2362004FE47E /* InfoPlist.strings */ = {
			isa = PBXVariantGroup;
			children = (
				046851F719AF2362004FE47E /* en */,
			);
			name = InfoPlist.strings;
			sourceTree = "<group>";
		};
		046851FF19AF2362004FE47E /* Main.storyboard */ = {
			isa = PBXVariantGroup;
			children = (
				0468520019AF2362004FE47E /* Base */,
			);
			name = Main.storyboard;
			sourceTree = "<group>";
		};
		0468521519AF2362004FE47E /* InfoPlist.strings */ = {
			isa = PBXVariantGroup;
			children = (
				0468521619AF2362004FE47E /* en */,
			);
			name = InfoPlist.strings;
			sourceTree = "<group>";
		};
/* End PBXVariantGroup section */

/* Begin XCBuildConfiguration section */
		0468521A19AF2362004FE47E /* Debug */ = {
			isa = XCBuildConfiguration;
			buildSettings = {
				ALWAYS_SEARCH_USER_PATHS = NO;
				CLANG_CXX_LANGUAGE_STANDARD = "gnu++0x";
				CLANG_CXX_LIBRARY = "libc++";
				CLANG_ENABLE_MODULES = YES;
				CLANG_ENABLE_OBJC_ARC = YES;
				CLANG_WARN_BOOL_CONVERSION = YES;
				CLANG_WARN_CONSTANT_CONVERSION = YES;
				CLANG_WARN_DIRECT_OBJC_ISA_USAGE = YES_ERROR;
				CLANG_WARN_EMPTY_BODY = YES;
				CLANG_WARN_ENUM_CONVERSION = YES;
				CLANG_WARN_INT_CONVERSION = YES;
				CLANG_WARN_OBJC_ROOT_CLASS = YES_ERROR;
				CLANG_WARN__DUPLICATE_METHOD_MATCH = YES;
				"CODE_SIGN_IDENTITY[sdk=iphoneos*]" = "iPhone Developer";
				COPY_PHASE_STRIP = NO;
				GCC_C_LANGUAGE_STANDARD = gnu99;
				GCC_DYNAMIC_NO_PIC = NO;
				GCC_OPTIMIZATION_LEVEL = 0;
				GCC_PREPROCESSOR_DEFINITIONS = (
					"DEBUG=1",
					"$(inherited)",
				);
				GCC_SYMBOLS_PRIVATE_EXTERN = NO;
				GCC_WARN_64_TO_32_BIT_CONVERSION = YES;
				GCC_WARN_ABOUT_RETURN_TYPE = YES_ERROR;
				GCC_WARN_UNDECLARED_SELECTOR = YES;
				GCC_WARN_UNINITIALIZED_AUTOS = YES_AGGRESSIVE;
				GCC_WARN_UNUSED_FUNCTION = YES;
				GCC_WARN_UNUSED_VARIABLE = YES;
				IPHONEOS_DEPLOYMENT_TARGET = 7.1;
				ONLY_ACTIVE_ARCH = YES;
				SDKROOT = iphoneos;
			};
			name = Debug;
		};
		0468521B19AF2362004FE47E /* Release */ = {
			isa = XCBuildConfiguration;
			buildSettings = {
				ALWAYS_SEARCH_USER_PATHS = NO;
				CLANG_CXX_LANGUAGE_STANDARD = "gnu++0x";
				CLANG_CXX_LIBRARY = "libc++";
				CLANG_ENABLE_MODULES = YES;
				CLANG_ENABLE_OBJC_ARC = YES;
				CLANG_WARN_BOOL_CONVERSION = YES;
				CLANG_WARN_CONSTANT_CONVERSION = YES;
				CLANG_WARN_DIRECT_OBJC_ISA_USAGE = YES_ERROR;
				CLANG_WARN_EMPTY_BODY = YES;
				CLANG_WARN_ENUM_CONVERSION = YES;
				CLANG_WARN_INT_CONVERSION = YES;
				CLANG_WARN_OBJC_ROOT_CLASS = YES_ERROR;
				CLANG_WARN__DUPLICATE_METHOD_MATCH = YES;
				"CODE_SIGN_IDENTITY[sdk=iphoneos*]" = "iPhone Developer";
				COPY_PHASE_STRIP = YES;
				ENABLE_NS_ASSERTIONS = NO;
				GCC_C_LANGUAGE_STANDARD = gnu99;
				GCC_WARN_64_TO_32_BIT_CONVERSION = YES;
				GCC_WARN_ABOUT_RETURN_TYPE = YES_ERROR;
				GCC_WARN_UNDECLARED_SELECTOR = YES;
				GCC_WARN_UNINITIALIZED_AUTOS = YES_AGGRESSIVE;
				GCC_WARN_UNUSED_FUNCTION = YES;
				GCC_WARN_UNUSED_VARIABLE = YES;
				IPHONEOS_DEPLOYMENT_TARGET = 7.1;
				SDKROOT = iphoneos;
				VALIDATE_PRODUCT = YES;
			};
			name = Release;
		};
		0468521D19AF2362004FE47E /* Debug */ = {
			isa = XCBuildConfiguration;
			buildSettings = {
				ASSETCATALOG_COMPILER_APPICON_NAME = AppIcon;
				ASSETCATALOG_COMPILER_LAUNCHIMAGE_NAME = LaunchImage;
				GCC_PRECOMPILE_PREFIX_HEADER = YES;
				GCC_PREFIX_HEADER = "TableTurnLikePages/TableTurnLikePages-Prefix.pch";
				INFOPLIST_FILE = "TableTurnLikePages/TableTurnLikePages-Info.plist";
				PRODUCT_NAME = "$(TARGET_NAME)";
				WRAPPER_EXTENSION = app;
			};
			name = Debug;
		};
		0468521E19AF2362004FE47E /* Release */ = {
			isa = XCBuildConfiguration;
			buildSettings = {
				ASSETCATALOG_COMPILER_APPICON_NAME = AppIcon;
				ASSETCATALOG_COMPILER_LAUNCHIMAGE_NAME = LaunchImage;
				GCC_PRECOMPILE_PREFIX_HEADER = YES;
				GCC_PREFIX_HEADER = "TableTurnLikePages/TableTurnLikePages-Prefix.pch";
				INFOPLIST_FILE = "TableTurnLikePages/TableTurnLikePages-Info.plist";
				PRODUCT_NAME = "$(TARGET_NAME)";
				WRAPPER_EXTENSION = app;
			};
			name = Release;
		};
		0468522019AF2362004FE47E /* Debug */ = {
			isa = XCBuildConfiguration;
			buildSettings = {
				BUNDLE_LOADER = "$(BUILT_PRODUCTS_DIR)/TableTurnLikePages.app/TableTurnLikePages";
				FRAMEWORK_SEARCH_PATHS = (
					"$(SDKROOT)/Developer/Library/Frameworks",
					"$(inherited)",
					"$(DEVELOPER_FRAMEWORKS_DIR)",
				);
				GCC_PRECOMPILE_PREFIX_HEADER = YES;
				GCC_PREFIX_HEADER = "TableTurnLikePages/TableTurnLikePages-Prefix.pch";
				GCC_PREPROCESSOR_DEFINITIONS = (
					"DEBUG=1",
					"$(inherited)",
				);
				INFOPLIST_FILE = "TableTurnLikePagesTests/TableTurnLikePagesTests-Info.plist";
				PRODUCT_NAME = "$(TARGET_NAME)";
				TEST_HOST = "$(BUNDLE_LOADER)";
				WRAPPER_EXTENSION = xctest;
			};
			name = Debug;
		};
		0468522119AF2362004FE47E /* Release */ = {
			isa = XCBuildConfiguration;
			buildSettings = {
				BUNDLE_LOADER = "$(BUILT_PRODUCTS_DIR)/TableTurnLikePages.app/TableTurnLikePages";
				FRAMEWORK_SEARCH_PATHS = (
					"$(SDKROOT)/Developer/Library/Frameworks",
					"$(inherited)",
					"$(DEVELOPER_FRAMEWORKS_DIR)",
				);
				GCC_PRECOMPILE_PREFIX_HEADER = YES;
				GCC_PREFIX_HEADER = "TableTurnLikePages/TableTurnLikePages-Prefix.pch";
				INFOPLIST_FILE = "TableTurnLikePagesTests/TableTurnLikePagesTests-Info.plist";
				PRODUCT_NAME = "$(TARGET_NAME)";
				TEST_HOST = "$(BUNDLE_LOADER)";
				WRAPPER_EXTENSION = xctest;
			};
			name = Release;
		};
/* End XCBuildConfiguration section */

/* Begin XCConfigurationList section */
		046851E519AF2362004FE47E /* Build configuration list for PBXProject "TableTurnLikePages" */ = {
			isa = XCConfigurationList;
			buildConfigurations = (
				0468521A19AF2362004FE47E /* Debug */,
				0468521B19AF2362004FE47E /* Release */,
			);
			defaultConfigurationIsVisible = 0;
			defaultConfigurationName = Release;
		};
		0468521C19AF2362004FE47E /* Build configuration list for PBXNativeTarget "TableTurnLikePages" */ = {
			isa = XCConfigurationList;
			buildConfigurations = (
				0468521D19AF2362004FE47E /* Debug */,
				0468521E19AF2362004FE47E /* Release */,
			);
			defaultConfigurationIsVisible = 0;
		};
		0468521F19AF2362004FE47E /* Build configuration list for PBXNativeTarget "TableTurnLikePagesTests" */ = {
			isa = XCConfigurationList;
			buildConfigurations = (
				0468522019AF2362004FE47E /* Debug */,
				0468522119AF2362004FE47E /* Release */,
			);
			defaultConfigurationIsVisible = 0;
		};
/* End XCConfigurationList section */
	};
	rootObject = 046851E219AF2362004FE47E /* Project object */;
}
